lockfileVersion: '9.0'

settings:
  autoInstallPeers: true
  excludeLinksFromLockfile: false

importers:

  .:
    dependencies:
      fs:
        specifier: ^0.0.1-security
        version: 0.0.1-security
      iconv-lite:
        specifier: ^0.7.0
        version: 0.7.1
      node-addon-api:
        specifier: ^1.7.1
        version: 1.7.2

packages:

  fs@0.0.1-security:
    resolution: {integrity: sha512-3XY9e1pP0CVEUCdj5BmfIZxRBTSDycnbqhIOGec9QYtmVH2fbLpj86CFWkrNOkt/Fvty4KZG5lTglL9j/gJ87w==}

  iconv-lite@0.7.1:
    resolution: {integrity: sha512-2Tth85cXwGFHfvRgZWszZSvdo+0Xsqmw8k8ZwxScfcBneNUraK+dxRxRm24nszx80Y0TVio8kKLt5sLE7ZCLlw==}
    engines: {node: '>=0.10.0'}

  node-addon-api@1.7.2:
    resolution: {integrity: sha512-ibPK3iA+vaY1eEjESkQkM0BbCqFOaZMiXRTtdB0u7b4djtY6JnsjvPdUHVMg6xQt3B8fpTTWHI9A+ADjM9frzg==}

  safer-buffer@2.1.2:
    resolution: {integrity: sha512-YZo3K82SD7Riyi0E1EQPojLz7kpepnSQI9IyPbHHg1XXXevb5dJI7tpyN2ADxGcQbHG7vcyRHk0cbwqcQriUtg==}

snapshots:

  fs@0.0.1-security: {}

  iconv-lite@0.7.1:
    dependencies:
      safer-buffer: 2.1.2

  node-addon-api@1.7.2: {}

  safer-buffer@2.1.2: {}
